
Microsoft Visual Studio Solution File, Format Version 12.00
# Visual Studio Version 17
VisualStudioVersion = 17.2.32526.322
MinimumVisualStudioVersion = 10.0.40219.1
Project("{FAE04EC0-301F-11D3-BF4B-00C04F79EFBC}") = "NETLab3", "NETLab3\NETLab3.csproj", "{845B2544-C82C-47D3-8CB8-B8251A836093}"
EndProject
Global
	GlobalSection(SolutionConfigurationPlatforms) = preSolution
		Debug|Any CPU = Debug|Any CPU
		Release|Any CPU = Release|Any CPU
	EndGlobalSection
	GlobalSection(ProjectConfigurationPlatforms) = postSolution
		{845B2544-C82C-47D3-8CB8-B8251A836093}.Debug|Any CPU.ActiveCfg = Debug|Any CPU
		{845B2544-C82C-47D3-8CB8-B8251A836093}.Debug|Any CPU.Build.0 = Debug|Any CPU
		{845B2544-C82C-47D3-8CB8-B8251A836093}.Release|Any CPU.ActiveCfg = Release|Any CPU
		{845B2544-C82C-47D3-8CB8-B8251A836093}.Release|Any CPU.Build.0 = Release|Any CPU
	EndGlobalSection
	GlobalSection(SolutionProperties) = preSolution
		HideSolutionNode = FALSE
	EndGlobalSection
	GlobalSection(ExtensibilityGlobals) = postSolution
		SolutionGuid = {4C5F1385-2D0A-4C49-BAC5-F67127B6EE9F}
	EndGlobalSection
EndGlobal
